
Microsoft Visual Studio Solution File, Format Version 12.00
# Visual Studio Version 16
VisualStudioVersion = 16.0.31402.337
MinimumVisualStudioVersion = 10.0.40219.1
Project("{9A19103F-16F7-4668-BE54-9A1E7A4F7556}") = "TaxCalculation", "Domain\TaxCalculation.csproj", "{8B749EE1-5B62-43DE-BDE5-D48BAC912E22}"
EndProject
Project("{9A19103F-16F7-4668-BE54-9A1E7A4F7556}") = "TaxProviders", "SalesTaxProviders\TaxProviders.csproj", "{C1AD38F4-7455-48FC-8476-60B01AD3C903}"
EndProject
Project("{9A19103F-16F7-4668-BE54-9A1E7A4F7556}") = "TextUnitTest", "TextUnitTest\TextUnitTest.csproj", "{A296CF5B-CD41-4B57-A434-0622912C7D84}"
EndProject
Global
	GlobalSection(SolutionConfigurationPlatforms) = preSolution
		Debug|Any CPU = Debug|Any CPU
		Release|Any CPU = Release|Any CPU
	EndGlobalSection
	GlobalSection(ProjectConfigurationPlatforms) = postSolution
		{8B749EE1-5B62-43DE-BDE5-D48BAC912E22}.Debug|Any CPU.ActiveCfg = Debug|Any CPU
		{8B749EE1-5B62-43DE-BDE5-D48BAC912E22}.Debug|Any CPU.Build.0 = Debug|Any CPU
		{8B749EE1-5B62-43DE-BDE5-D48BAC912E22}.Release|Any CPU.ActiveCfg = Release|Any CPU
		{8B749EE1-5B62-43DE-BDE5-D48BAC912E22}.Release|Any CPU.Build.0 = Release|Any CPU
		{C1AD38F4-7455-48FC-8476-60B01AD3C903}.Debug|Any CPU.ActiveCfg = Debug|Any CPU
		{C1AD38F4-7455-48FC-8476-60B01AD3C903}.Debug|Any CPU.Build.0 = Debug|Any CPU
		{C1AD38F4-7455-48FC-8476-60B01AD3C903}.Release|Any CPU.ActiveCfg = Release|Any CPU
		{C1AD38F4-7455-48FC-8476-60B01AD3C903}.Release|Any CPU.Build.0 = Release|Any CPU
		{A296CF5B-CD41-4B57-A434-0622912C7D84}.Debug|Any CPU.ActiveCfg = Debug|Any CPU
		{A296CF5B-CD41-4B57-A434-0622912C7D84}.Debug|Any CPU.Build.0 = Debug|Any CPU
		{A296CF5B-CD41-4B57-A434-0622912C7D84}.Release|Any CPU.ActiveCfg = Release|Any CPU
		{A296CF5B-CD41-4B57-A434-0622912C7D84}.Release|Any CPU.Build.0 = Release|Any CPU
	EndGlobalSection
	GlobalSection(SolutionProperties) = preSolution
		HideSolutionNode = FALSE
	EndGlobalSection
	GlobalSection(ExtensibilityGlobals) = postSolution
		SolutionGuid = {6924BD10-33DC-4940-95ED-008421028D49}
	EndGlobalSection
EndGlobal
