
Microsoft Visual Studio Solution File, Format Version 12.00
# Visual Studio Version 16
VisualStudioVersion = 16.0.31402.337
MinimumVisualStudioVersion = 10.0.40219.1
Project("{9A19103F-16F7-4668-BE54-9A1E7A4F7556}") = "TaxProviders", "SalesTaxProviders\TaxProviders.csproj", "{C1AD38F4-7455-48FC-8476-60B01AD3C903}"
EndProject
Project("{9A19103F-16F7-4668-BE54-9A1E7A4F7556}") = "TaxCalculator", "TaxCalculator\TaxCalculator.csproj", "{0F9E20BC-69FE-4E2F-B3BA-227324EA150F}"
EndProject
Project("{9A19103F-16F7-4668-BE54-9A1E7A4F7556}") = "TaxUnitTest", "TaxUnitTest\TaxUnitTest.csproj", "{161AED37-8B37-4796-B5D2-B3928CD28930}"
EndProject
Global
	GlobalSection(SolutionConfigurationPlatforms) = preSolution
		Debug|Any CPU = Debug|Any CPU
		Release|Any CPU = Release|Any CPU
	EndGlobalSection
	GlobalSection(ProjectConfigurationPlatforms) = postSolution
		{C1AD38F4-7455-48FC-8476-60B01AD3C903}.Debug|Any CPU.ActiveCfg = Debug|Any CPU
		{C1AD38F4-7455-48FC-8476-60B01AD3C903}.Debug|Any CPU.Build.0 = Debug|Any CPU
		{C1AD38F4-7455-48FC-8476-60B01AD3C903}.Release|Any CPU.ActiveCfg = Release|Any CPU
		{C1AD38F4-7455-48FC-8476-60B01AD3C903}.Release|Any CPU.Build.0 = Release|Any CPU
		{0F9E20BC-69FE-4E2F-B3BA-227324EA150F}.Debug|Any CPU.ActiveCfg = Debug|Any CPU
		{0F9E20BC-69FE-4E2F-B3BA-227324EA150F}.Debug|Any CPU.Build.0 = Debug|Any CPU
		{0F9E20BC-69FE-4E2F-B3BA-227324EA150F}.Release|Any CPU.ActiveCfg = Release|Any CPU
		{0F9E20BC-69FE-4E2F-B3BA-227324EA150F}.Release|Any CPU.Build.0 = Release|Any CPU
		{161AED37-8B37-4796-B5D2-B3928CD28930}.Debug|Any CPU.ActiveCfg = Debug|Any CPU
		{161AED37-8B37-4796-B5D2-B3928CD28930}.Debug|Any CPU.Build.0 = Debug|Any CPU
		{161AED37-8B37-4796-B5D2-B3928CD28930}.Release|Any CPU.ActiveCfg = Release|Any CPU
		{161AED37-8B37-4796-B5D2-B3928CD28930}.Release|Any CPU.Build.0 = Release|Any CPU
	EndGlobalSection
	GlobalSection(SolutionProperties) = preSolution
		HideSolutionNode = FALSE
	EndGlobalSection
	GlobalSection(ExtensibilityGlobals) = postSolution
		SolutionGuid = {6924BD10-33DC-4940-95ED-008421028D49}
	EndGlobalSection
EndGlobal
